
Microsoft Visual Studio Solution File, Format Version 12.00
# Visual Studio 2015
Project("{FAE04EC0-301F-11D3-BF4B-00C04F79EFBC}") = "Halloween2017.CSharp.Plugins", "Halloween2017.CSharp.Plugins.csproj", "{04F0FEC2-6271-8507-ACE1-1C0650A5DD8A}"
EndProject
Project("{FAE04EC0-301F-11D3-BF4B-00C04F79EFBC}") = "Halloween2017.CSharp", "Halloween2017.CSharp.csproj", "{AA4D5C40-3CDE-6D85-0879-168F9DB85E46}"
EndProject
Project("{FAE04EC0-301F-11D3-BF4B-00C04F79EFBC}") = "Halloween2017.CSharp.Editor.Plugins", "Halloween2017.CSharp.Editor.Plugins.csproj", "{7E34785B-1259-BA41-CAA0-55A5E8A74F54}"
EndProject
Global
	GlobalSection(SolutionConfigurationPlatforms) = preSolution
		Debug|Any CPU = Debug|Any CPU
		Release|Any CPU = Release|Any CPU
	EndGlobalSection
	GlobalSection(ProjectConfigurationPlatforms) = postSolution
		{04F0FEC2-6271-8507-ACE1-1C0650A5DD8A}.Debug|Any CPU.ActiveCfg = Debug|Any CPU
		{04F0FEC2-6271-8507-ACE1-1C0650A5DD8A}.Debug|Any CPU.Build.0 = Debug|Any CPU
		{04F0FEC2-6271-8507-ACE1-1C0650A5DD8A}.Release|Any CPU.ActiveCfg = Release|Any CPU
		{04F0FEC2-6271-8507-ACE1-1C0650A5DD8A}.Release|Any CPU.Build.0 = Release|Any CPU
		{AA4D5C40-3CDE-6D85-0879-168F9DB85E46}.Debug|Any CPU.ActiveCfg = Debug|Any CPU
		{AA4D5C40-3CDE-6D85-0879-168F9DB85E46}.Debug|Any CPU.Build.0 = Debug|Any CPU
		{AA4D5C40-3CDE-6D85-0879-168F9DB85E46}.Release|Any CPU.ActiveCfg = Release|Any CPU
		{AA4D5C40-3CDE-6D85-0879-168F9DB85E46}.Release|Any CPU.Build.0 = Release|Any CPU
		{7E34785B-1259-BA41-CAA0-55A5E8A74F54}.Debug|Any CPU.ActiveCfg = Debug|Any CPU
		{7E34785B-1259-BA41-CAA0-55A5E8A74F54}.Debug|Any CPU.Build.0 = Debug|Any CPU
		{7E34785B-1259-BA41-CAA0-55A5E8A74F54}.Release|Any CPU.ActiveCfg = Release|Any CPU
		{7E34785B-1259-BA41-CAA0-55A5E8A74F54}.Release|Any CPU.Build.0 = Release|Any CPU
	EndGlobalSection
	GlobalSection(SolutionProperties) = preSolution
		HideSolutionNode = FALSE
	EndGlobalSection
EndGlobal
